// !$*UTF8*$!
{
	archiveVersion = 1;
	classes = {
	};
	objectVersion = 52;
	objects = {

/* Begin PBXBuildFile section */
		301E9F8B276A6ABB003BEE22 /* SDWebImage in Frameworks */ = {isa = PBXBuildFile; productRef = 301E9F8A276A6ABB003BEE22 /* SDWebImage */; };
		301E9F8D276A6C3A003BEE22 /* AllPokemonBase.swift in Sources */ = {isa = PBXBuildFile; fileRef = 301E9F8C276A6C3A003BEE22 /* AllPokemonBase.swift */; };
		301E9F8F276A6D17003BEE22 /* Pokemon.swift in Sources */ = {isa = PBXBuildFile; fileRef = 301E9F8E276A6D17003BEE22 /* Pokemon.swift */; };
		3043F124276B958F002FC150 /* UIAlertController+Builder.swift in Sources */ = {isa = PBXBuildFile; fileRef = 3043F123276B958F002FC150 /* UIAlertController+Builder.swift */; };
		3043F127276B9EC9002FC150 /* OrderedCollections in Frameworks */ = {isa = PBXBuildFile; productRef = 3043F126276B9EC9002FC150 /* OrderedCollections */; };
		3043F129276BAA29002FC150 /* PokemonDetailViewModel.swift in Sources */ = {isa = PBXBuildFile; fileRef = 3043F128276BAA29002FC150 /* PokemonDetailViewModel.swift */; };
		306FFBD725B38D4D0066A2BE /* AppCoordinator.swift in Sources */ = {isa = PBXBuildFile; fileRef = 306FFBD625B38D4D0066A2BE /* AppCoordinator.swift */; };
		306FFBE225B38E810066A2BE /* Coordinator.swift in Sources */ = {isa = PBXBuildFile; fileRef = 306FFBE125B38E810066A2BE /* Coordinator.swift */; };
		306FFBEB25B38EED0066A2BE /* APIManager.swift in Sources */ = {isa = PBXBuildFile; fileRef = 306FFBEA25B38EED0066A2BE /* APIManager.swift */; };
		306FFBF425B38F180066A2BE /* Transition.swift in Sources */ = {isa = PBXBuildFile; fileRef = 306FFBF325B38F180066A2BE /* Transition.swift */; };
		306FFBFD25B395730066A2BE /* PokemonListViewModel.swift in Sources */ = {isa = PBXBuildFile; fileRef = 306FFBFC25B395730066A2BE /* PokemonListViewModel.swift */; };
		306FFC0325B395810066A2BE /* PokemonListViewController.swift in Sources */ = {isa = PBXBuildFile; fileRef = 306FFC0125B395810066A2BE /* PokemonListViewController.swift */; };
		306FFC0C25B3967E0066A2BE /* PokemonListCoordinator.swift in Sources */ = {isa = PBXBuildFile; fileRef = 306FFC0B25B3967E0066A2BE /* PokemonListCoordinator.swift */; };
		306FFC2E25B3B0E00066A2BE /* APIFailure.swift in Sources */ = {isa = PBXBuildFile; fileRef = 306FFC2D25B3B0E00066A2BE /* APIFailure.swift */; };
		30B6FD1525B3D0560050D5EB /* PokemonDetailCollectionViewCell.swift in Sources */ = {isa = PBXBuildFile; fileRef = 30B6FD1325B3D0560050D5EB /* PokemonDetailCollectionViewCell.swift */; };
		30B6FD1625B3D0560050D5EB /* PokemonDetailCollectionViewCell.xib in Resources */ = {isa = PBXBuildFile; fileRef = 30B6FD1425B3D0560050D5EB /* PokemonDetailCollectionViewCell.xib */; };
		30B6FD1F25B3D0B10050D5EB /* UICollectionView+ReusableView.swift in Sources */ = {isa = PBXBuildFile; fileRef = 30B6FD1E25B3D0B10050D5EB /* UICollectionView+ReusableView.swift */; };
		30D65D3425C1D8900037E361 /* PokemonDetailCoordinator.swift in Sources */ = {isa = PBXBuildFile; fileRef = 30D65D3325C1D8900037E361 /* PokemonDetailCoordinator.swift */; };
		30D65D3A25C1D9500037E361 /* PokemonDetailViewController.swift in Sources */ = {isa = PBXBuildFile; fileRef = 30D65D3825C1D9500037E361 /* PokemonDetailViewController.swift */; };
		30D65D3B25C1D9500037E361 /* PokemonDetailViewController.xib in Resources */ = {isa = PBXBuildFile; fileRef = 30D65D3925C1D9500037E361 /* PokemonDetailViewController.xib */; };
		B81FCB9E1D36AD1F003CE14D /* AppDelegate.swift in Sources */ = {isa = PBXBuildFile; fileRef = B81FCB9D1D36AD1F003CE14D /* AppDelegate.swift */; };
		B81FCBA51D36AD1F003CE14D /* Assets.xcassets in Resources */ = {isa = PBXBuildFile; fileRef = B81FCBA41D36AD1F003CE14D /* Assets.xcassets */; };
		B81FCBCD1D36E016003CE14D /* LaunchScreen.storyboard in Resources */ = {isa = PBXBuildFile; fileRef = B81FCBA61D36AD1F003CE14D /* LaunchScreen.storyboard */; };
		C3E08D4828404BC40036A40D /* Localization.swift in Sources */ = {isa = PBXBuildFile; fileRef = C3E08D4728404BC40036A40D /* Localization.swift */; };
		C3E08D4B2840506A0036A40D /* PokemonNameCollectionViewCell.swift in Sources */ = {isa = PBXBuildFile; fileRef = C3E08D492840506A0036A40D /* PokemonNameCollectionViewCell.swift */; };
		C3E08D4C2840506A0036A40D /* PokemonNameCollectionViewCell.xib in Resources */ = {isa = PBXBuildFile; fileRef = C3E08D4A2840506A0036A40D /* PokemonNameCollectionViewCell.xib */; };
		C3E08DE028406DA60036A40D /* Home.swift in Sources */ = {isa = PBXBuildFile; fileRef = C3E08DB128406DA40036A40D /* Home.swift */; };
		C3E08DE328406DA60036A40D /* Move.swift in Sources */ = {isa = PBXBuildFile; fileRef = C3E08DB428406DA50036A40D /* Move.swift */; };
		C3E08DE428406DA60036A40D /* Moves.swift in Sources */ = {isa = PBXBuildFile; fileRef = C3E08DB528406DA50036A40D /* Moves.swift */; };
		C3E08DE528406DA60036A40D /* PokemonDetailBase.swift in Sources */ = {isa = PBXBuildFile; fileRef = C3E08DB628406DA50036A40D /* PokemonDetailBase.swift */; };
		C3E08DEA28406DA60036A40D /* Version.swift in Sources */ = {isa = PBXBuildFile; fileRef = C3E08DBB28406DA50036A40D /* Version.swift */; };
		C3E08DED28406DA60036A40D /* Game_indices.swift in Sources */ = {isa = PBXBuildFile; fileRef = C3E08DBE28406DA50036A40D /* Game_indices.swift */; };
		C3E08DEE28406DA60036A40D /* Version_group_details.swift in Sources */ = {isa = PBXBuildFile; fileRef = C3E08DBF28406DA50036A40D /* Version_group_details.swift */; };
		C3E08DEF28406DA60036A40D /* Stats.swift in Sources */ = {isa = PBXBuildFile; fileRef = C3E08DC028406DA50036A40D /* Stats.swift */; };
		C3E08DF128406DA60036A40D /* Animated.swift in Sources */ = {isa = PBXBuildFile; fileRef = C3E08DC228406DA50036A40D /* Animated.swift */; };
		C3E08DF228406DA60036A40D /* Silver.swift in Sources */ = {isa = PBXBuildFile; fileRef = C3E08DC328406DA50036A40D /* Silver.swift */; };
		C3E08DF328406DA60036A40D /* Icons.swift in Sources */ = {isa = PBXBuildFile; fileRef = C3E08DC428406DA50036A40D /* Icons.swift */; };
		C3E08DF728406DA60036A40D /* Version_group.swift in Sources */ = {isa = PBXBuildFile; fileRef = C3E08DC828406DA50036A40D /* Version_group.swift */; };
		C3E08DF928406DA60036A40D /* Gold.swift in Sources */ = {isa = PBXBuildFile; fileRef = C3E08DCA28406DA50036A40D /* Gold.swift */; };
		C3E08DFB28406DA60036A40D /* Species.swift in Sources */ = {isa = PBXBuildFile; fileRef = C3E08DCC28406DA50036A40D /* Species.swift */; };
		C3E08DFC28406DA60036A40D /* Sprites.swift in Sources */ = {isa = PBXBuildFile; fileRef = C3E08DCD28406DA50036A40D /* Sprites.swift */; };
		C3E08DFD28406DA60036A40D /* Type.swift in Sources */ = {isa = PBXBuildFile; fileRef = C3E08DCE28406DA50036A40D /* Type.swift */; };
		C3E08DFE28406DA60036A40D /* Forms.swift in Sources */ = {isa = PBXBuildFile; fileRef = C3E08DCF28406DA50036A40D /* Forms.swift */; };
		C3E08E0028406DA60036A40D /* Emerald.swift in Sources */ = {isa = PBXBuildFile; fileRef = C3E08DD128406DA50036A40D /* Emerald.swift */; };
		C3E08E0328406DA60036A40D /* Dream_world.swift in Sources */ = {isa = PBXBuildFile; fileRef = C3E08DD428406DA50036A40D /* Dream_world.swift */; };
		C3E08E0428406DA60036A40D /* Abilities.swift in Sources */ = {isa = PBXBuildFile; fileRef = C3E08DD528406DA50036A40D /* Abilities.swift */; };
		C3E08E0528406DA60036A40D /* Stat.swift in Sources */ = {isa = PBXBuildFile; fileRef = C3E08DD628406DA50036A40D /* Stat.swift */; };
		C3E08E0628406DA60036A40D /* Yellow.swift in Sources */ = {isa = PBXBuildFile; fileRef = C3E08DD728406DA50036A40D /* Yellow.swift */; };
		C3E08E0728406DA60036A40D /* Crystal.swift in Sources */ = {isa = PBXBuildFile; fileRef = C3E08DD828406DA50036A40D /* Crystal.swift */; };
		C3E08E0828406DA60036A40D /* Ability.swift in Sources */ = {isa = PBXBuildFile; fileRef = C3E08DD928406DA50036A40D /* Ability.swift */; };
		C3E08E0A28406DA60036A40D /* Move_learn_method.swift in Sources */ = {isa = PBXBuildFile; fileRef = C3E08DDB28406DA60036A40D /* Move_learn_method.swift */; };
		C3E08E0C28406DA60036A40D /* Platinum.swift in Sources */ = {isa = PBXBuildFile; fileRef = C3E08DDD28406DA60036A40D /* Platinum.swift */; };
		C3E08E0E284071370036A40D /* Other.swift in Sources */ = {isa = PBXBuildFile; fileRef = C3E08E0D284071370036A40D /* Other.swift */; };
		C3E08E10284071730036A40D /* Official-artwork.swift in Sources */ = {isa = PBXBuildFile; fileRef = C3E08E0F284071730036A40D /* Official-artwork.swift */; };
/* End PBXBuildFile section */

/* Begin PBXContainerItemProxy section */
		B81FCBAF1D36AD1F003CE14D /* PBXContainerItemProxy */ = {
			isa = PBXContainerItemProxy;
			containerPortal = B81FCB921D36AD1F003CE14D /* Project object */;
			proxyType = 1;
			remoteGlobalIDString = B81FCB991D36AD1F003CE14D;
			remoteInfo = "WW-Exercise-01";
		};
		B81FCBBA1D36AD1F003CE14D /* PBXContainerItemProxy */ = {
			isa = PBXContainerItemProxy;
			containerPortal = B81FCB921D36AD1F003CE14D /* Project object */;
			proxyType = 1;
			remoteGlobalIDString = B81FCB991D36AD1F003CE14D;
			remoteInfo = "WW-Exercise-01";
		};
/* End PBXContainerItemProxy section */

/* Begin PBXFileReference section */
		301E9F8C276A6C3A003BEE22 /* AllPokemonBase.swift */ = {isa = PBXFileReference; lastKnownFileType = sourcecode.swift; path = AllPokemonBase.swift; sourceTree = "<group>"; };
		301E9F8E276A6D17003BEE22 /* Pokemon.swift */ = {isa = PBXFileReference; lastKnownFileType = sourcecode.swift; path = Pokemon.swift; sourceTree = "<group>"; };
		3043F123276B958F002FC150 /* UIAlertController+Builder.swift */ = {isa = PBXFileReference; lastKnownFileType = sourcecode.swift; path = "UIAlertController+Builder.swift"; sourceTree = "<group>"; };
		3043F128276BAA29002FC150 /* PokemonDetailViewModel.swift */ = {isa = PBXFileReference; lastKnownFileType = sourcecode.swift; path = PokemonDetailViewModel.swift; sourceTree = "<group>"; };
		306FFBD625B38D4D0066A2BE /* AppCoordinator.swift */ = {isa = PBXFileReference; lastKnownFileType = sourcecode.swift; path = AppCoordinator.swift; sourceTree = "<group>"; };
		306FFBE125B38E810066A2BE /* Coordinator.swift */ = {isa = PBXFileReference; lastKnownFileType = sourcecode.swift; path = Coordinator.swift; sourceTree = "<group>"; };
		306FFBEA25B38EED0066A2BE /* APIManager.swift */ = {isa = PBXFileReference; lastKnownFileType = sourcecode.swift; path = APIManager.swift; sourceTree = "<group>"; };
		306FFBF325B38F180066A2BE /* Transition.swift */ = {isa = PBXFileReference; lastKnownFileType = sourcecode.swift; path = Transition.swift; sourceTree = "<group>"; };
		306FFBFC25B395730066A2BE /* PokemonListViewModel.swift */ = {isa = PBXFileReference; lastKnownFileType = sourcecode.swift; path = PokemonListViewModel.swift; sourceTree = "<group>"; };
		306FFC0125B395810066A2BE /* PokemonListViewController.swift */ = {isa = PBXFileReference; lastKnownFileType = sourcecode.swift; path = PokemonListViewController.swift; sourceTree = "<group>"; };
		306FFC0B25B3967E0066A2BE /* PokemonListCoordinator.swift */ = {isa = PBXFileReference; lastKnownFileType = sourcecode.swift; path = PokemonListCoordinator.swift; sourceTree = "<group>"; };
		306FFC2D25B3B0E00066A2BE /* APIFailure.swift */ = {isa = PBXFileReference; lastKnownFileType = sourcecode.swift; path = APIFailure.swift; sourceTree = "<group>"; };
		30B6FD1325B3D0560050D5EB /* PokemonDetailCollectionViewCell.swift */ = {isa = PBXFileReference; lastKnownFileType = sourcecode.swift; path = PokemonDetailCollectionViewCell.swift; sourceTree = "<group>"; };
		30B6FD1425B3D0560050D5EB /* PokemonDetailCollectionViewCell.xib */ = {isa = PBXFileReference; lastKnownFileType = file.xib; path = PokemonDetailCollectionViewCell.xib; sourceTree = "<group>"; };
		30B6FD1E25B3D0B10050D5EB /* UICollectionView+ReusableView.swift */ = {isa = PBXFileReference; lastKnownFileType = sourcecode.swift; path = "UICollectionView+ReusableView.swift"; sourceTree = "<group>"; };
		30D65D3325C1D8900037E361 /* PokemonDetailCoordinator.swift */ = {isa = PBXFileReference; lastKnownFileType = sourcecode.swift; path = PokemonDetailCoordinator.swift; sourceTree = "<group>"; };
		30D65D3825C1D9500037E361 /* PokemonDetailViewController.swift */ = {isa = PBXFileReference; lastKnownFileType = sourcecode.swift; path = PokemonDetailViewController.swift; sourceTree = "<group>"; };
		30D65D3925C1D9500037E361 /* PokemonDetailViewController.xib */ = {isa = PBXFileReference; lastKnownFileType = file.xib; path = PokemonDetailViewController.xib; sourceTree = "<group>"; };
		B81FCB9A1D36AD1F003CE14D /* WW-Exercise-01.app */ = {isa = PBXFileReference; explicitFileType = wrapper.application; includeInIndex = 0; path = "WW-Exercise-01.app"; sourceTree = BUILT_PRODUCTS_DIR; };
		B81FCB9D1D36AD1F003CE14D /* AppDelegate.swift */ = {isa = PBXFileReference; lastKnownFileType = sourcecode.swift; path = AppDelegate.swift; sourceTree = "<group>"; };
		B81FCBA41D36AD1F003CE14D /* Assets.xcassets */ = {isa = PBXFileReference; lastKnownFileType = folder.assetcatalog; path = Assets.xcassets; sourceTree = "<group>"; };
		B81FCBA71D36AD1F003CE14D /* Base */ = {isa = PBXFileReference; lastKnownFileType = file.storyboard; name = Base; path = Base.lproj/LaunchScreen.storyboard; sourceTree = "<group>"; };
		B81FCBA91D36AD1F003CE14D /* Info.plist */ = {isa = PBXFileReference; lastKnownFileType = text.plist.xml; path = Info.plist; sourceTree = "<group>"; };
		B81FCBAE1D36AD1F003CE14D /* WW-Exercise-01Tests.xctest */ = {isa = PBXFileReference; explicitFileType = wrapper.cfbundle; includeInIndex = 0; path = "WW-Exercise-01Tests.xctest"; sourceTree = BUILT_PRODUCTS_DIR; };
		B81FCBB41D36AD1F003CE14D /* Info.plist */ = {isa = PBXFileReference; lastKnownFileType = text.plist.xml; path = Info.plist; sourceTree = "<group>"; };
		B81FCBB91D36AD1F003CE14D /* WW-Exercise-01UITests.xctest */ = {isa = PBXFileReference; explicitFileType = wrapper.cfbundle; includeInIndex = 0; path = "WW-Exercise-01UITests.xctest"; sourceTree = BUILT_PRODUCTS_DIR; };
		B81FCBBF1D36AD1F003CE14D /* Info.plist */ = {isa = PBXFileReference; lastKnownFileType = text.plist.xml; path = Info.plist; sourceTree = "<group>"; };
		C3E08D4728404BC40036A40D /* Localization.swift */ = {isa = PBXFileReference; lastKnownFileType = sourcecode.swift; path = Localization.swift; sourceTree = "<group>"; };
		C3E08D492840506A0036A40D /* PokemonNameCollectionViewCell.swift */ = {isa = PBXFileReference; lastKnownFileType = sourcecode.swift; path = PokemonNameCollectionViewCell.swift; sourceTree = "<group>"; };
		C3E08D4A2840506A0036A40D /* PokemonNameCollectionViewCell.xib */ = {isa = PBXFileReference; lastKnownFileType = file.xib; path = PokemonNameCollectionViewCell.xib; sourceTree = "<group>"; };
		C3E08DB128406DA40036A40D /* Home.swift */ = {isa = PBXFileReference; fileEncoding = 4; lastKnownFileType = sourcecode.swift; path = Home.swift; sourceTree = "<group>"; };
		C3E08DB428406DA50036A40D /* Move.swift */ = {isa = PBXFileReference; fileEncoding = 4; lastKnownFileType = sourcecode.swift; path = Move.swift; sourceTree = "<group>"; };
		C3E08DB528406DA50036A40D /* Moves.swift */ = {isa = PBXFileReference; fileEncoding = 4; lastKnownFileType = sourcecode.swift; path = Moves.swift; sourceTree = "<group>"; };
		C3E08DB628406DA50036A40D /* PokemonDetailBase.swift */ = {isa = PBXFileReference; fileEncoding = 4; lastKnownFileType = sourcecode.swift; path = PokemonDetailBase.swift; sourceTree = "<group>"; };
		C3E08DBB28406DA50036A40D /* Version.swift */ = {isa = PBXFileReference; fileEncoding = 4; lastKnownFileType = sourcecode.swift; path = Version.swift; sourceTree = "<group>"; };
		C3E08DBE28406DA50036A40D /* Game_indices.swift */ = {isa = PBXFileReference; fileEncoding = 4; lastKnownFileType = sourcecode.swift; path = Game_indices.swift; sourceTree = "<group>"; };
		C3E08DBF28406DA50036A40D /* Version_group_details.swift */ = {isa = PBXFileReference; fileEncoding = 4; lastKnownFileType = sourcecode.swift; path = Version_group_details.swift; sourceTree = "<group>"; };
		C3E08DC028406DA50036A40D /* Stats.swift */ = {isa = PBXFileReference; fileEncoding = 4; lastKnownFileType = sourcecode.swift; path = Stats.swift; sourceTree = "<group>"; };
		C3E08DC228406DA50036A40D /* Animated.swift */ = {isa = PBXFileReference; fileEncoding = 4; lastKnownFileType = sourcecode.swift; path = Animated.swift; sourceTree = "<group>"; };
		C3E08DC328406DA50036A40D /* Silver.swift */ = {isa = PBXFileReference; fileEncoding = 4; lastKnownFileType = sourcecode.swift; path = Silver.swift; sourceTree = "<group>"; };
		C3E08DC428406DA50036A40D /* Icons.swift */ = {isa = PBXFileReference; fileEncoding = 4; lastKnownFileType = sourcecode.swift; path = Icons.swift; sourceTree = "<group>"; };
		C3E08DC828406DA50036A40D /* Version_group.swift */ = {isa = PBXFileReference; fileEncoding = 4; lastKnownFileType = sourcecode.swift; path = Version_group.swift; sourceTree = "<group>"; };
		C3E08DCA28406DA50036A40D /* Gold.swift */ = {isa = PBXFileReference; fileEncoding = 4; lastKnownFileType = sourcecode.swift; path = Gold.swift; sourceTree = "<group>"; };
		C3E08DCC28406DA50036A40D /* Species.swift */ = {isa = PBXFileReference; fileEncoding = 4; lastKnownFileType = sourcecode.swift; path = Species.swift; sourceTree = "<group>"; };
		C3E08DCD28406DA50036A40D /* Sprites.swift */ = {isa = PBXFileReference; fileEncoding = 4; lastKnownFileType = sourcecode.swift; path = Sprites.swift; sourceTree = "<group>"; };
		C3E08DCE28406DA50036A40D /* Type.swift */ = {isa = PBXFileReference; fileEncoding = 4; lastKnownFileType = sourcecode.swift; path = Type.swift; sourceTree = "<group>"; };
		C3E08DCF28406DA50036A40D /* Forms.swift */ = {isa = PBXFileReference; fileEncoding = 4; lastKnownFileType = sourcecode.swift; path = Forms.swift; sourceTree = "<group>"; };
		C3E08DD128406DA50036A40D /* Emerald.swift */ = {isa = PBXFileReference; fileEncoding = 4; lastKnownFileType = sourcecode.swift; path = Emerald.swift; sourceTree = "<group>"; };
		C3E08DD428406DA50036A40D /* Dream_world.swift */ = {isa = PBXFileReference; fileEncoding = 4; lastKnownFileType = sourcecode.swift; path = Dream_world.swift; sourceTree = "<group>"; };
		C3E08DD528406DA50036A40D /* Abilities.swift */ = {isa = PBXFileReference; fileEncoding = 4; lastKnownFileType = sourcecode.swift; path = Abilities.swift; sourceTree = "<group>"; };
		C3E08DD628406DA50036A40D /* Stat.swift */ = {isa = PBXFileReference; fileEncoding = 4; lastKnownFileType = sourcecode.swift; path = Stat.swift; sourceTree = "<group>"; };
		C3E08DD728406DA50036A40D /* Yellow.swift */ = {isa = PBXFileReference; fileEncoding = 4; lastKnownFileType = sourcecode.swift; path = Yellow.swift; sourceTree = "<group>"; };
		C3E08DD828406DA50036A40D /* Crystal.swift */ = {isa = PBXFileReference; fileEncoding = 4; lastKnownFileType = sourcecode.swift; path = Crystal.swift; sourceTree = "<group>"; };
		C3E08DD928406DA50036A40D /* Ability.swift */ = {isa = PBXFileReference; fileEncoding = 4; lastKnownFileType = sourcecode.swift; path = Ability.swift; sourceTree = "<group>"; };
		C3E08DDB28406DA60036A40D /* Move_learn_method.swift */ = {isa = PBXFileReference; fileEncoding = 4; lastKnownFileType = sourcecode.swift; path = Move_learn_method.swift; sourceTree = "<group>"; };
		C3E08DDD28406DA60036A40D /* Platinum.swift */ = {isa = PBXFileReference; fileEncoding = 4; lastKnownFileType = sourcecode.swift; path = Platinum.swift; sourceTree = "<group>"; };
		C3E08E0D284071370036A40D /* Other.swift */ = {isa = PBXFileReference; fileEncoding = 4; lastKnownFileType = sourcecode.swift; path = Other.swift; sourceTree = "<group>"; };
		C3E08E0F284071730036A40D /* Official-artwork.swift */ = {isa = PBXFileReference; fileEncoding = 4; lastKnownFileType = sourcecode.swift; path = "Official-artwork.swift"; sourceTree = "<group>"; };
/* End PBXFileReference section */

/* Begin PBXFrameworksBuildPhase section */
		B81FCB971D36AD1F003CE14D /* Frameworks */ = {
			isa = PBXFrameworksBuildPhase;
			buildActionMask = 2147483647;
			files = (
				301E9F8B276A6ABB003BEE22 /* SDWebImage in Frameworks */,
				3043F127276B9EC9002FC150 /* OrderedCollections in Frameworks */,
			);
			runOnlyForDeploymentPostprocessing = 0;
		};
		B81FCBAB1D36AD1F003CE14D /* Frameworks */ = {
			isa = PBXFrameworksBuildPhase;
			buildActionMask = 2147483647;
			files = (
			);
			runOnlyForDeploymentPostprocessing = 0;
		};
		B81FCBB61D36AD1F003CE14D /* Frameworks */ = {
			isa = PBXFrameworksBuildPhase;
			buildActionMask = 2147483647;
			files = (
			);
			runOnlyForDeploymentPostprocessing = 0;
		};
/* End PBXFrameworksBuildPhase section */

/* Begin PBXGroup section */
		306FFBD525B38D400066A2BE /* App */ = {
			isa = PBXGroup;
			children = (
				306FFC2325B3ACEE0066A2BE /* Helpers */,
				B81FCB9D1D36AD1F003CE14D /* AppDelegate.swift */,
				306FFBF325B38F180066A2BE /* Transition.swift */,
				306FFBD625B38D4D0066A2BE /* AppCoordinator.swift */,
				306FFBFB25B395300066A2BE /* PokemonList */,
				30D65D3225C1D8430037E361 /* PokemonDetailView */,
			);
			path = App;
			sourceTree = "<group>";
		};
		306FFBE025B38E710066A2BE /* Coordinator Protocols */ = {
			isa = PBXGroup;
			children = (
				306FFBE125B38E810066A2BE /* Coordinator.swift */,
			);
			path = "Coordinator Protocols";
			sourceTree = "<group>";
		};
		306FFBE625B38E980066A2BE /* Networking */ = {
			isa = PBXGroup;
			children = (
				306FFBE725B38EA20066A2BE /* Models */,
				306FFBE825B38EB70066A2BE /* Errors */,
				306FFBE925B38EC90066A2BE /* API */,
			);
			path = Networking;
			sourceTree = "<group>";
		};
		306FFBE725B38EA20066A2BE /* Models */ = {
			isa = PBXGroup;
			children = (
				301E9F8C276A6C3A003BEE22 /* AllPokemonBase.swift */,
				301E9F8E276A6D17003BEE22 /* Pokemon.swift */,
				C3E08DAE28406D670036A40D /* PokemonDetailBase */,
			);
			path = Models;
			sourceTree = "<group>";
		};
		306FFBE825B38EB70066A2BE /* Errors */ = {
			isa = PBXGroup;
			children = (
				306FFC2D25B3B0E00066A2BE /* APIFailure.swift */,
			);
			path = Errors;
			sourceTree = "<group>";
		};
		306FFBE925B38EC90066A2BE /* API */ = {
			isa = PBXGroup;
			children = (
				306FFBEA25B38EED0066A2BE /* APIManager.swift */,
			);
			path = API;
			sourceTree = "<group>";
		};
		306FFBFB25B395300066A2BE /* PokemonList */ = {
			isa = PBXGroup;
			children = (
				30B6FD1225B3CFFF0050D5EB /* Cells */,
				306FFC0B25B3967E0066A2BE /* PokemonListCoordinator.swift */,
				306FFBFC25B395730066A2BE /* PokemonListViewModel.swift */,
				306FFC0125B395810066A2BE /* PokemonListViewController.swift */,
			);
			path = PokemonList;
			sourceTree = "<group>";
		};
		306FFC2325B3ACEE0066A2BE /* Helpers */ = {
			isa = PBXGroup;
			children = (
				C3E08D4728404BC40036A40D /* Localization.swift */,
				306FFBE025B38E710066A2BE /* Coordinator Protocols */,
				306FFC2425B3ACF80066A2BE /* Extensions */,
			);
			path = Helpers;
			sourceTree = "<group>";
		};
		306FFC2425B3ACF80066A2BE /* Extensions */ = {
			isa = PBXGroup;
			children = (
				30B6FD1E25B3D0B10050D5EB /* UICollectionView+ReusableView.swift */,
				3043F123276B958F002FC150 /* UIAlertController+Builder.swift */,
			);
			path = Extensions;
			sourceTree = "<group>";
		};
		30B6FD1225B3CFFF0050D5EB /* Cells */ = {
			isa = PBXGroup;
			children = (
				C3E08D492840506A0036A40D /* PokemonNameCollectionViewCell.swift */,
				C3E08D4A2840506A0036A40D /* PokemonNameCollectionViewCell.xib */,
			);
			path = Cells;
			sourceTree = "<group>";
		};
		30D65D3225C1D8430037E361 /* PokemonDetailView */ = {
			isa = PBXGroup;
			children = (
				C3E08DAD28406CC90036A40D /* Cells */,
				30D65D3325C1D8900037E361 /* PokemonDetailCoordinator.swift */,
				3043F128276BAA29002FC150 /* PokemonDetailViewModel.swift */,
				30D65D3825C1D9500037E361 /* PokemonDetailViewController.swift */,
				30D65D3925C1D9500037E361 /* PokemonDetailViewController.xib */,
			);
			path = PokemonDetailView;
			sourceTree = "<group>";
		};
		B81FCB911D36AD1F003CE14D = {
			isa = PBXGroup;
			children = (
				B81FCB9C1D36AD1F003CE14D /* WW-Exercise-01 */,
				B81FCBB11D36AD1F003CE14D /* WW-Exercise-01Tests */,
				B81FCBBC1D36AD1F003CE14D /* WW-Exercise-01UITests */,
				B81FCB9B1D36AD1F003CE14D /* Products */,
			);
			sourceTree = "<group>";
		};
		B81FCB9B1D36AD1F003CE14D /* Products */ = {
			isa = PBXGroup;
			children = (
				B81FCB9A1D36AD1F003CE14D /* WW-Exercise-01.app */,
				B81FCBAE1D36AD1F003CE14D /* WW-Exercise-01Tests.xctest */,
				B81FCBB91D36AD1F003CE14D /* WW-Exercise-01UITests.xctest */,
			);
			name = Products;
			sourceTree = "<group>";
		};
		B81FCB9C1D36AD1F003CE14D /* WW-Exercise-01 */ = {
			isa = PBXGroup;
			children = (
				306FFBE625B38E980066A2BE /* Networking */,
				306FFBD525B38D400066A2BE /* App */,
				B81FCBA41D36AD1F003CE14D /* Assets.xcassets */,
				B81FCBA61D36AD1F003CE14D /* LaunchScreen.storyboard */,
				B81FCBA91D36AD1F003CE14D /* Info.plist */,
			);
			path = "WW-Exercise-01";
			sourceTree = "<group>";
		};
		B81FCBB11D36AD1F003CE14D /* WW-Exercise-01Tests */ = {
			isa = PBXGroup;
			children = (
				B81FCBB41D36AD1F003CE14D /* Info.plist */,
			);
			path = "WW-Exercise-01Tests";
			sourceTree = "<group>";
		};
		B81FCBBC1D36AD1F003CE14D /* WW-Exercise-01UITests */ = {
			isa = PBXGroup;
			children = (
				B81FCBBF1D36AD1F003CE14D /* Info.plist */,
			);
			path = "WW-Exercise-01UITests";
			sourceTree = "<group>";
		};
		C3E08DAD28406CC90036A40D /* Cells */ = {
			isa = PBXGroup;
			children = (
				30B6FD1325B3D0560050D5EB /* PokemonDetailCollectionViewCell.swift */,
				30B6FD1425B3D0560050D5EB /* PokemonDetailCollectionViewCell.xib */,
			);
			path = Cells;
			sourceTree = "<group>";
		};
		C3E08DAE28406D670036A40D /* PokemonDetailBase */ = {
			isa = PBXGroup;
			children = (
				C3E08DD528406DA50036A40D /* Abilities.swift */,
				C3E08DD928406DA50036A40D /* Ability.swift */,
				C3E08DC228406DA50036A40D /* Animated.swift */,
				C3E08DD828406DA50036A40D /* Crystal.swift */,
				C3E08DD428406DA50036A40D /* Dream_world.swift */,
				C3E08DD128406DA50036A40D /* Emerald.swift */,
				C3E08DCF28406DA50036A40D /* Forms.swift */,
				C3E08DBE28406DA50036A40D /* Game_indices.swift */,
				C3E08DCA28406DA50036A40D /* Gold.swift */,
				C3E08DB128406DA40036A40D /* Home.swift */,
				C3E08DC428406DA50036A40D /* Icons.swift */,
				C3E08DDB28406DA60036A40D /* Move_learn_method.swift */,
				C3E08DB428406DA50036A40D /* Move.swift */,
				C3E08DB528406DA50036A40D /* Moves.swift */,
				C3E08DDD28406DA60036A40D /* Platinum.swift */,
				C3E08DB628406DA50036A40D /* PokemonDetailBase.swift */,
				C3E08E0D284071370036A40D /* Other.swift */,
				C3E08E0F284071730036A40D /* Official-artwork.swift */,
				C3E08DC328406DA50036A40D /* Silver.swift */,
				C3E08DCC28406DA50036A40D /* Species.swift */,
				C3E08DCD28406DA50036A40D /* Sprites.swift */,
				C3E08DD628406DA50036A40D /* Stat.swift */,
				C3E08DC028406DA50036A40D /* Stats.swift */,
				C3E08DCE28406DA50036A40D /* Type.swift */,
				C3E08DBF28406DA50036A40D /* Version_group_details.swift */,
				C3E08DC828406DA50036A40D /* Version_group.swift */,
				C3E08DBB28406DA50036A40D /* Version.swift */,
				C3E08DD728406DA50036A40D /* Yellow.swift */,
			);
			path = PokemonDetailBase;
			sourceTree = "<group>";
		};
/* End PBXGroup section */

/* Begin PBXNativeTarget section */
		B81FCB991D36AD1F003CE14D /* WW-Exercise-01 */ = {
			isa = PBXNativeTarget;
			buildConfigurationList = B81FCBC21D36AD1F003CE14D /* Build configuration list for PBXNativeTarget "WW-Exercise-01" */;
			buildPhases = (
				B81FCB961D36AD1F003CE14D /* Sources */,
				B81FCB971D36AD1F003CE14D /* Frameworks */,
				B81FCB981D36AD1F003CE14D /* Resources */,
			);
			buildRules = (
			);
			dependencies = (
			);
			name = "WW-Exercise-01";
			packageProductDependencies = (
				301E9F8A276A6ABB003BEE22 /* SDWebImage */,
				3043F126276B9EC9002FC150 /* OrderedCollections */,
			);
			productName = "WW-Exercise-01";
			productReference = B81FCB9A1D36AD1F003CE14D /* WW-Exercise-01.app */;
			productType = "com.apple.product-type.application";
		};
		B81FCBAD1D36AD1F003CE14D /* WW-Exercise-01Tests */ = {
			isa = PBXNativeTarget;
			buildConfigurationList = B81FCBC51D36AD1F003CE14D /* Build configuration list for PBXNativeTarget "WW-Exercise-01Tests" */;
			buildPhases = (
				B81FCBAA1D36AD1F003CE14D /* Sources */,
				B81FCBAB1D36AD1F003CE14D /* Frameworks */,
				B81FCBAC1D36AD1F003CE14D /* Resources */,
			);
			buildRules = (
			);
			dependencies = (
				B81FCBB01D36AD1F003CE14D /* PBXTargetDependency */,
			);
			name = "WW-Exercise-01Tests";
			productName = "WW-Exercise-01Tests";
			productReference = B81FCBAE1D36AD1F003CE14D /* WW-Exercise-01Tests.xctest */;
			productType = "com.apple.product-type.bundle.unit-test";
		};
		B81FCBB81D36AD1F003CE14D /* WW-Exercise-01UITests */ = {
			isa = PBXNativeTarget;
			buildConfigurationList = B81FCBC81D36AD1F003CE14D /* Build configuration list for PBXNativeTarget "WW-Exercise-01UITests" */;
			buildPhases = (
				B81FCBB51D36AD1F003CE14D /* Sources */,
				B81FCBB61D36AD1F003CE14D /* Frameworks */,
				B81FCBB71D36AD1F003CE14D /* Resources */,
			);
			buildRules = (
			);
			dependencies = (
				B81FCBBB1D36AD1F003CE14D /* PBXTargetDependency */,
			);
			name = "WW-Exercise-01UITests";
			productName = "WW-Exercise-01UITests";
			productReference = B81FCBB91D36AD1F003CE14D /* WW-Exercise-01UITests.xctest */;
			productType = "com.apple.product-type.bundle.ui-testing";
		};
/* End PBXNativeTarget section */

/* Begin PBXProject section */
		B81FCB921D36AD1F003CE14D /* Project object */ = {
			isa = PBXProject;
			attributes = {
				LastSwiftUpdateCheck = 0730;
				LastUpgradeCheck = 1200;
				ORGANIZATIONNAME = "Weight Watchers";
				TargetAttributes = {
					B81FCB991D36AD1F003CE14D = {
						CreatedOnToolsVersion = 7.3.1;
						LastSwiftMigration = 0920;
					};
					B81FCBAD1D36AD1F003CE14D = {
						CreatedOnToolsVersion = 7.3.1;
						LastSwiftMigration = 0920;
						TestTargetID = B81FCB991D36AD1F003CE14D;
					};
					B81FCBB81D36AD1F003CE14D = {
						CreatedOnToolsVersion = 7.3.1;
						LastSwiftMigration = 0920;
						TestTargetID = B81FCB991D36AD1F003CE14D;
					};
				};
			};
			buildConfigurationList = B81FCB951D36AD1F003CE14D /* Build configuration list for PBXProject "WW-Exercise-01" */;
			compatibilityVersion = "Xcode 3.2";
			developmentRegion = English;
			hasScannedForEncodings = 0;
			knownRegions = (
				English,
				en,
				Base,
			);
			mainGroup = B81FCB911D36AD1F003CE14D;
			packageReferences = (
				301E9F89276A6ABB003BEE22 /* XCRemoteSwiftPackageReference "SDWebImage" */,
				3043F125276B9EC9002FC150 /* XCRemoteSwiftPackageReference "swift-collections" */,
			);
			productRefGroup = B81FCB9B1D36AD1F003CE14D /* Products */;
			projectDirPath = "";
			projectRoot = "";
			targets = (
				B81FCB991D36AD1F003CE14D /* WW-Exercise-01 */,
				B81FCBAD1D36AD1F003CE14D /* WW-Exercise-01Tests */,
				B81FCBB81D36AD1F003CE14D /* WW-Exercise-01UITests */,
			);
		};
/* End PBXProject section */

/* Begin PBXResourcesBuildPhase section */
		B81FCB981D36AD1F003CE14D /* Resources */ = {
			isa = PBXResourcesBuildPhase;
			buildActionMask = 2147483647;
			files = (
				30B6FD1625B3D0560050D5EB /* PokemonDetailCollectionViewCell.xib in Resources */,
				C3E08D4C2840506A0036A40D /* PokemonNameCollectionViewCell.xib in Resources */,
				B81FCBCD1D36E016003CE14D /* LaunchScreen.storyboard in Resources */,
				B81FCBA51D36AD1F003CE14D /* Assets.xcassets in Resources */,
				30D65D3B25C1D9500037E361 /* PokemonDetailViewController.xib in Resources */,
			);
			runOnlyForDeploymentPostprocessing = 0;
		};
		B81FCBAC1D36AD1F003CE14D /* Resources */ = {
			isa = PBXResourcesBuildPhase;
			buildActionMask = 2147483647;
			files = (
			);
			runOnlyForDeploymentPostprocessing = 0;
		};
		B81FCBB71D36AD1F003CE14D /* Resources */ = {
			isa = PBXResourcesBuildPhase;
			buildActionMask = 2147483647;
			files = (
			);
			runOnlyForDeploymentPostprocessing = 0;
		};
/* End PBXResourcesBuildPhase section */

/* Begin PBXSourcesBuildPhase section */
		B81FCB961D36AD1F003CE14D /* Sources */ = {
			isa = PBXSourcesBuildPhase;
			buildActionMask = 2147483647;
			files = (
				306FFBF425B38F180066A2BE /* Transition.swift in Sources */,
				306FFBE225B38E810066A2BE /* Coordinator.swift in Sources */,
				C3E08D4828404BC40036A40D /* Localization.swift in Sources */,
				C3E08DEE28406DA60036A40D /* Version_group_details.swift in Sources */,
				306FFC0C25B3967E0066A2BE /* PokemonListCoordinator.swift in Sources */,
				C3E08E0828406DA60036A40D /* Ability.swift in Sources */,
				C3E08DFD28406DA60036A40D /* Type.swift in Sources */,
				C3E08DED28406DA60036A40D /* Game_indices.swift in Sources */,
				306FFC0325B395810066A2BE /* PokemonListViewController.swift in Sources */,
				306FFBD725B38D4D0066A2BE /* AppCoordinator.swift in Sources */,
				C3E08DF228406DA60036A40D /* Silver.swift in Sources */,
				C3E08E0028406DA60036A40D /* Emerald.swift in Sources */,
				C3E08D4B2840506A0036A40D /* PokemonNameCollectionViewCell.swift in Sources */,
				C3E08E0628406DA60036A40D /* Yellow.swift in Sources */,
				C3E08E0A28406DA60036A40D /* Move_learn_method.swift in Sources */,
				C3E08E0728406DA60036A40D /* Crystal.swift in Sources */,
				301E9F8D276A6C3A003BEE22 /* AllPokemonBase.swift in Sources */,
				C3E08DF328406DA60036A40D /* Icons.swift in Sources */,
				C3E08DEA28406DA60036A40D /* Version.swift in Sources */,
				306FFBFD25B395730066A2BE /* PokemonListViewModel.swift in Sources */,
				3043F129276BAA29002FC150 /* PokemonDetailViewModel.swift in Sources */,
				C3E08DFE28406DA60036A40D /* Forms.swift in Sources */,
				C3E08DF128406DA60036A40D /* Animated.swift in Sources */,
				C3E08DE528406DA60036A40D /* PokemonDetailBase.swift in Sources */,
				C3E08E0E284071370036A40D /* Other.swift in Sources */,
				C3E08E0528406DA60036A40D /* Stat.swift in Sources */,
				C3E08E0C28406DA60036A40D /* Platinum.swift in Sources */,
				C3E08DF928406DA60036A40D /* Gold.swift in Sources */,
				301E9F8F276A6D17003BEE22 /* Pokemon.swift in Sources */,
				30D65D3A25C1D9500037E361 /* PokemonDetailViewController.swift in Sources */,
				C3E08DE028406DA60036A40D /* Home.swift in Sources */,
				C3E08E0428406DA60036A40D /* Abilities.swift in Sources */,
				C3E08DEF28406DA60036A40D /* Stats.swift in Sources */,
				C3E08E0328406DA60036A40D /* Dream_world.swift in Sources */,
				C3E08DE328406DA60036A40D /* Move.swift in Sources */,
				C3E08DF728406DA60036A40D /* Version_group.swift in Sources */,
				C3E08E10284071730036A40D /* Official-artwork.swift in Sources */,
				306FFBEB25B38EED0066A2BE /* APIManager.swift in Sources */,
				B81FCB9E1D36AD1F003CE14D /* AppDelegate.swift in Sources */,
				C3E08DFC28406DA60036A40D /* Sprites.swift in Sources */,
				30B6FD1F25B3D0B10050D5EB /* UICollectionView+ReusableView.swift in Sources */,
				30B6FD1525B3D0560050D5EB /* PokemonDetailCollectionViewCell.swift in Sources */,
				C3E08DE428406DA60036A40D /* Moves.swift in Sources */,
				3043F124276B958F002FC150 /* UIAlertController+Builder.swift in Sources */,
				306FFC2E25B3B0E00066A2BE /* APIFailure.swift in Sources */,
				C3E08DFB28406DA60036A40D /* Species.swift in Sources */,
				30D65D3425C1D8900037E361 /* PokemonDetailCoordinator.swift in Sources */,
			);
			runOnlyForDeploymentPostprocessing = 0;
		};
		B81FCBAA1D36AD1F003CE14D /* Sources */ = {
			isa = PBXSourcesBuildPhase;
			buildActionMask = 2147483647;
			files = (
			);
			runOnlyForDeploymentPostprocessing = 0;
		};
		B81FCBB51D36AD1F003CE14D /* Sources */ = {
			isa = PBXSourcesBuildPhase;
			buildActionMask = 2147483647;
			files = (
			);
			runOnlyForDeploymentPostprocessing = 0;
		};
/* End PBXSourcesBuildPhase section */

/* Begin PBXTargetDependency section */
		B81FCBB01D36AD1F003CE14D /* PBXTargetDependency */ = {
			isa = PBXTargetDependency;
			target = B81FCB991D36AD1F003CE14D /* WW-Exercise-01 */;
			targetProxy = B81FCBAF1D36AD1F003CE14D /* PBXContainerItemProxy */;
		};
		B81FCBBB1D36AD1F003CE14D /* PBXTargetDependency */ = {
			isa = PBXTargetDependency;
			target = B81FCB991D36AD1F003CE14D /* WW-Exercise-01 */;
			targetProxy = B81FCBBA1D36AD1F003CE14D /* PBXContainerItemProxy */;
		};
/* End PBXTargetDependency section */

/* Begin PBXVariantGroup section */
		B81FCBA61D36AD1F003CE14D /* LaunchScreen.storyboard */ = {
			isa = PBXVariantGroup;
			children = (
				B81FCBA71D36AD1F003CE14D /* Base */,
			);
			name = LaunchScreen.storyboard;
			sourceTree = "<group>";
		};
/* End PBXVariantGroup section */

/* Begin XCBuildConfiguration section */
		B81FCBC01D36AD1F003CE14D /* Debug */ = {
			isa = XCBuildConfiguration;
			buildSettings = {
				ALWAYS_SEARCH_USER_PATHS = NO;
				CLANG_ANALYZER_LOCALIZABILITY_NONLOCALIZED = YES;
				CLANG_ANALYZER_NONNULL = YES;
				CLANG_CXX_LANGUAGE_STANDARD = "gnu++0x";
				CLANG_CXX_LIBRARY = "libc++";
				CLANG_ENABLE_MODULES = YES;
				CLANG_ENABLE_OBJC_ARC = YES;
				CLANG_WARN_BLOCK_CAPTURE_AUTORELEASING = YES;
				CLANG_WARN_BOOL_CONVERSION = YES;
				CLANG_WARN_COMMA = YES;
				CLANG_WARN_CONSTANT_CONVERSION = YES;
				CLANG_WARN_DEPRECATED_OBJC_IMPLEMENTATIONS = YES;
				CLANG_WARN_DIRECT_OBJC_ISA_USAGE = YES_ERROR;
				CLANG_WARN_EMPTY_BODY = YES;
				CLANG_WARN_ENUM_CONVERSION = YES;
				CLANG_WARN_INFINITE_RECURSION = YES;
				CLANG_WARN_INT_CONVERSION = YES;
				CLANG_WARN_NON_LITERAL_NULL_CONVERSION = YES;
				CLANG_WARN_OBJC_IMPLICIT_RETAIN_SELF = YES;
				CLANG_WARN_OBJC_LITERAL_CONVERSION = YES;
				CLANG_WARN_OBJC_ROOT_CLASS = YES_ERROR;
				CLANG_WARN_QUOTED_INCLUDE_IN_FRAMEWORK_HEADER = YES;
				CLANG_WARN_RANGE_LOOP_ANALYSIS = YES;
				CLANG_WARN_STRICT_PROTOTYPES = YES;
				CLANG_WARN_SUSPICIOUS_MOVE = YES;
				CLANG_WARN_UNREACHABLE_CODE = YES;
				CLANG_WARN__DUPLICATE_METHOD_MATCH = YES;
				"CODE_SIGN_IDENTITY[sdk=iphoneos*]" = "iPhone Developer";
				COPY_PHASE_STRIP = NO;
				DEBUG_INFORMATION_FORMAT = dwarf;
				ENABLE_STRICT_OBJC_MSGSEND = YES;
				ENABLE_TESTABILITY = YES;
				GCC_C_LANGUAGE_STANDARD = gnu99;
				GCC_DYNAMIC_NO_PIC = NO;
				GCC_NO_COMMON_BLOCKS = YES;
				GCC_OPTIMIZATION_LEVEL = 0;
				GCC_PREPROCESSOR_DEFINITIONS = (
					"DEBUG=1",
					"$(inherited)",
				);
				GCC_WARN_64_TO_32_BIT_CONVERSION = YES;
				GCC_WARN_ABOUT_RETURN_TYPE = YES_ERROR;
				GCC_WARN_UNDECLARED_SELECTOR = YES;
				GCC_WARN_UNINITIALIZED_AUTOS = YES_AGGRESSIVE;
				GCC_WARN_UNUSED_FUNCTION = YES;
				GCC_WARN_UNUSED_VARIABLE = YES;
				IPHONEOS_DEPLOYMENT_TARGET = 12.0;
				MTL_ENABLE_DEBUG_INFO = YES;
				ONLY_ACTIVE_ARCH = YES;
				SDKROOT = iphoneos;
				SWIFT_OPTIMIZATION_LEVEL = "-Onone";
				TARGETED_DEVICE_FAMILY = "1,2";
			};
			name = Debug;
		};
		B81FCBC11D36AD1F003CE14D /* Release */ = {
			isa = XCBuildConfiguration;
			buildSettings = {
				ALWAYS_SEARCH_USER_PATHS = NO;
				CLANG_ANALYZER_LOCALIZABILITY_NONLOCALIZED = YES;
				CLANG_ANALYZER_NONNULL = YES;
				CLANG_CXX_LANGUAGE_STANDARD = "gnu++0x";
				CLANG_CXX_LIBRARY = "libc++";
				CLANG_ENABLE_MODULES = YES;
				CLANG_ENABLE_OBJC_ARC = YES;
				CLANG_WARN_BLOCK_CAPTURE_AUTORELEASING = YES;
				CLANG_WARN_BOOL_CONVERSION = YES;
				CLANG_WARN_COMMA = YES;
				CLANG_WARN_CONSTANT_CONVERSION = YES;
				CLANG_WARN_DEPRECATED_OBJC_IMPLEMENTATIONS = YES;
				CLANG_WARN_DIRECT_OBJC_ISA_USAGE = YES_ERROR;
				CLANG_WARN_EMPTY_BODY = YES;
				CLANG_WARN_ENUM_CONVERSION = YES;
				CLANG_WARN_INFINITE_RECURSION = YES;
				CLANG_WARN_INT_CONVERSION = YES;
				CLANG_WARN_NON_LITERAL_NULL_CONVERSION = YES;
				CLANG_WARN_OBJC_IMPLICIT_RETAIN_SELF = YES;
				CLANG_WARN_OBJC_LITERAL_CONVERSION = YES;
				CLANG_WARN_OBJC_ROOT_CLASS = YES_ERROR;
				CLANG_WARN_QUOTED_INCLUDE_IN_FRAMEWORK_HEADER = YES;
				CLANG_WARN_RANGE_LOOP_ANALYSIS = YES;
				CLANG_WARN_STRICT_PROTOTYPES = YES;
				CLANG_WARN_SUSPICIOUS_MOVE = YES;
				CLANG_WARN_UNREACHABLE_CODE = YES;
				CLANG_WARN__DUPLICATE_METHOD_MATCH = YES;
				"CODE_SIGN_IDENTITY[sdk=iphoneos*]" = "iPhone Developer";
				COPY_PHASE_STRIP = NO;
				DEBUG_INFORMATION_FORMAT = "dwarf-with-dsym";
				ENABLE_NS_ASSERTIONS = NO;
				ENABLE_STRICT_OBJC_MSGSEND = YES;
				GCC_C_LANGUAGE_STANDARD = gnu99;
				GCC_NO_COMMON_BLOCKS = YES;
				GCC_WARN_64_TO_32_BIT_CONVERSION = YES;
				GCC_WARN_ABOUT_RETURN_TYPE = YES_ERROR;
				GCC_WARN_UNDECLARED_SELECTOR = YES;
				GCC_WARN_UNINITIALIZED_AUTOS = YES_AGGRESSIVE;
				GCC_WARN_UNUSED_FUNCTION = YES;
				GCC_WARN_UNUSED_VARIABLE = YES;
				IPHONEOS_DEPLOYMENT_TARGET = 12.0;
				MTL_ENABLE_DEBUG_INFO = NO;
				SDKROOT = iphoneos;
				SWIFT_COMPILATION_MODE = wholemodule;
				SWIFT_OPTIMIZATION_LEVEL = "-O";
				TARGETED_DEVICE_FAMILY = "1,2";
				VALIDATE_PRODUCT = YES;
			};
			name = Release;
		};
		B81FCBC31D36AD1F003CE14D /* Debug */ = {
			isa = XCBuildConfiguration;
			buildSettings = {
				ASSETCATALOG_COMPILER_APPICON_NAME = AppIcon;
				INFOPLIST_FILE = "WW-Exercise-01/Info.plist";
				IPHONEOS_DEPLOYMENT_TARGET = 15.0;
				LD_RUNPATH_SEARCH_PATHS = (
					"$(inherited)",
					"@executable_path/Frameworks",
				);
				PRODUCT_BUNDLE_IDENTIFIER = "com.weightwatchers.WW-Exercise-01";
				PRODUCT_NAME = "$(TARGET_NAME)";
				SWIFT_SWIFT3_OBJC_INFERENCE = Default;
				SWIFT_VERSION = 5.0;
			};
			name = Debug;
		};
		B81FCBC41D36AD1F003CE14D /* Release */ = {
			isa = XCBuildConfiguration;
			buildSettings = {
				ASSETCATALOG_COMPILER_APPICON_NAME = AppIcon;
				INFOPLIST_FILE = "WW-Exercise-01/Info.plist";
				IPHONEOS_DEPLOYMENT_TARGET = 15.0;
				LD_RUNPATH_SEARCH_PATHS = (
					"$(inherited)",
					"@executable_path/Frameworks",
				);
				PRODUCT_BUNDLE_IDENTIFIER = "com.weightwatchers.WW-Exercise-01";
				PRODUCT_NAME = "$(TARGET_NAME)";
				SWIFT_SWIFT3_OBJC_INFERENCE = Default;
				SWIFT_VERSION = 5.0;
			};
			name = Release;
		};
		B81FCBC61D36AD1F003CE14D /* Debug */ = {
			isa = XCBuildConfiguration;
			buildSettings = {
				BUNDLE_LOADER = "$(TEST_HOST)";
				INFOPLIST_FILE = "WW-Exercise-01Tests/Info.plist";
				IPHONEOS_DEPLOYMENT_TARGET = 13.0;
				LD_RUNPATH_SEARCH_PATHS = (
					"$(inherited)",
					"@executable_path/Frameworks",
					"@loader_path/Frameworks",
				);
				PRODUCT_BUNDLE_IDENTIFIER = "com.weightwatchers.WW-Exercise-01Tests";
				PRODUCT_NAME = "$(TARGET_NAME)";
				SWIFT_SWIFT3_OBJC_INFERENCE = Default;
				SWIFT_VERSION = 5.0;
				TEST_HOST = "$(BUILT_PRODUCTS_DIR)/WW-Exercise-01.app/WW-Exercise-01";
			};
			name = Debug;
		};
		B81FCBC71D36AD1F003CE14D /* Release */ = {
			isa = XCBuildConfiguration;
			buildSettings = {
				BUNDLE_LOADER = "$(TEST_HOST)";
				INFOPLIST_FILE = "WW-Exercise-01Tests/Info.plist";
				IPHONEOS_DEPLOYMENT_TARGET = 13.0;
				LD_RUNPATH_SEARCH_PATHS = (
					"$(inherited)",
					"@executable_path/Frameworks",
					"@loader_path/Frameworks",
				);
				PRODUCT_BUNDLE_IDENTIFIER = "com.weightwatchers.WW-Exercise-01Tests";
				PRODUCT_NAME = "$(TARGET_NAME)";
				SWIFT_SWIFT3_OBJC_INFERENCE = Default;
				SWIFT_VERSION = 5.0;
				TEST_HOST = "$(BUILT_PRODUCTS_DIR)/WW-Exercise-01.app/WW-Exercise-01";
			};
			name = Release;
		};
		B81FCBC91D36AD1F003CE14D /* Debug */ = {
			isa = XCBuildConfiguration;
			buildSettings = {
				INFOPLIST_FILE = "WW-Exercise-01UITests/Info.plist";
				IPHONEOS_DEPLOYMENT_TARGET = 13.0;
				LD_RUNPATH_SEARCH_PATHS = (
					"$(inherited)",
					"@executable_path/Frameworks",
					"@loader_path/Frameworks",
				);
				PRODUCT_BUNDLE_IDENTIFIER = "com.weightwatchers.WW-Exercise-01UITests";
				PRODUCT_NAME = "$(TARGET_NAME)";
				SWIFT_SWIFT3_OBJC_INFERENCE = Default;
				SWIFT_VERSION = 5.0;
				TEST_TARGET_NAME = "WW-Exercise-01";
			};
			name = Debug;
		};
		B81FCBCA1D36AD1F003CE14D /* Release */ = {
			isa = XCBuildConfiguration;
			buildSettings = {
				INFOPLIST_FILE = "WW-Exercise-01UITests/Info.plist";
				IPHONEOS_DEPLOYMENT_TARGET = 13.0;
				LD_RUNPATH_SEARCH_PATHS = (
					"$(inherited)",
					"@executable_path/Frameworks",
					"@loader_path/Frameworks",
				);
				PRODUCT_BUNDLE_IDENTIFIER = "com.weightwatchers.WW-Exercise-01UITests";
				PRODUCT_NAME = "$(TARGET_NAME)";
				SWIFT_SWIFT3_OBJC_INFERENCE = Default;
				SWIFT_VERSION = 5.0;
				TEST_TARGET_NAME = "WW-Exercise-01";
			};
			name = Release;
		};
/* End XCBuildConfiguration section */

/* Begin XCConfigurationList section */
		B81FCB951D36AD1F003CE14D /* Build configuration list for PBXProject "WW-Exercise-01" */ = {
			isa = XCConfigurationList;
			buildConfigurations = (
				B81FCBC01D36AD1F003CE14D /* Debug */,
				B81FCBC11D36AD1F003CE14D /* Release */,
			);
			defaultConfigurationIsVisible = 0;
			defaultConfigurationName = Release;
		};
		B81FCBC21D36AD1F003CE14D /* Build configuration list for PBXNativeTarget "WW-Exercise-01" */ = {
			isa = XCConfigurationList;
			buildConfigurations = (
				B81FCBC31D36AD1F003CE14D /* Debug */,
				B81FCBC41D36AD1F003CE14D /* Release */,
			);
			defaultConfigurationIsVisible = 0;
			defaultConfigurationName = Release;
		};
		B81FCBC51D36AD1F003CE14D /* Build configuration list for PBXNativeTarget "WW-Exercise-01Tests" */ = {
			isa = XCConfigurationList;
			buildConfigurations = (
				B81FCBC61D36AD1F003CE14D /* Debug */,
				B81FCBC71D36AD1F003CE14D /* Release */,
			);
			defaultConfigurationIsVisible = 0;
			defaultConfigurationName = Release;
		};
		B81FCBC81D36AD1F003CE14D /* Build configuration list for PBXNativeTarget "WW-Exercise-01UITests" */ = {
			isa = XCConfigurationList;
			buildConfigurations = (
				B81FCBC91D36AD1F003CE14D /* Debug */,
				B81FCBCA1D36AD1F003CE14D /* Release */,
			);
			defaultConfigurationIsVisible = 0;
			defaultConfigurationName = Release;
		};
/* End XCConfigurationList section */

/* Begin XCRemoteSwiftPackageReference section */
		301E9F89276A6ABB003BEE22 /* XCRemoteSwiftPackageReference "SDWebImage" */ = {
			isa = XCRemoteSwiftPackageReference;
			repositoryURL = "https://github.com/SDWebImage/SDWebImage";
			requirement = {
				branch = master;
				kind = branch;
			};
		};
		3043F125276B9EC9002FC150 /* XCRemoteSwiftPackageReference "swift-collections" */ = {
			isa = XCRemoteSwiftPackageReference;
			repositoryURL = "https://github.com/apple/swift-collections.git";
			requirement = {
				branch = main;
				kind = branch;
			};
		};
/* End XCRemoteSwiftPackageReference section */

/* Begin XCSwiftPackageProductDependency section */
		301E9F8A276A6ABB003BEE22 /* SDWebImage */ = {
			isa = XCSwiftPackageProductDependency;
			package = 301E9F89276A6ABB003BEE22 /* XCRemoteSwiftPackageReference "SDWebImage" */;
			productName = SDWebImage;
		};
		3043F126276B9EC9002FC150 /* OrderedCollections */ = {
			isa = XCSwiftPackageProductDependency;
			package = 3043F125276B9EC9002FC150 /* XCRemoteSwiftPackageReference "swift-collections" */;
			productName = OrderedCollections;
		};
/* End XCSwiftPackageProductDependency section */
	};
	rootObject = B81FCB921D36AD1F003CE14D /* Project object */;
}
